[cli]
sha256 = "285865a31d777181b075f39e92bcfe59c89cd6bacce660be1b9a627646956258"
sha512 = "da2622210a9e3eea82b99f1a5b8a44ce5443d009cb943f7bca0bf9cf4360829b289913d7ee727c011f0f72994ea7dc8e661ebcc0a6b34b587297d80cd9b3f7e8"

[cli-2023-10-18]
sha256 = "28f6aa973a81359dd2a9cce192249255feb674f3b7ddfda6a6ebf6ed5e8a4c3e"
sha512 = "ca22dfc0c5adbc21c2d7b22fdc9469350164c8a3010a783310d08127c89796f86dd2f28939bed64fee112e5c10459eb155a0c2ed6e6ab87e80ae51d026ad5a46"

[cli-2023-11-10]
sha256 = "fb029d0f9468fcb404a079a58fafd9265ef99c0ee1350835348da7b6e105c597"
sha512 = "8602e881281adc67b1ac5a4eb0888636d6f50d15bd14e36dcc446a51551f3f9bb3e9eabb776d723bb113bf1e26a702c5042de095e66e897c3d3cf689e0b7d4f9"

[clocks]
sha256 = "468b4d12892fe926b8eb5d398dbf579d566c93231fa44f415440572c695b7613"
sha512 = "e6b53a07221f1413953c9797c68f08b815fdaebf66419bbc1ea3e8b7dece73731062693634731f311a03957b268cf9cc509c518bd15e513c318aa04a8459b93a"

[clocks-2023-10-18]
sha256 = "c6bf330fb07bf8f0007acf47f6d7a250ab79e9f9a7d6fa1928607f12ac9684ad"
sha512 = "55e3c24d71ed8e72643a140c3c869d818932389564eaa3d0639566a7f389cd2aa3892bd724c04f473eb992381d1eff58fddc6055a6b0803a1f75e3d07b2ced4b"

[clocks-2023-11-10]
sha256 = "89da8eca4cd195516574c89c5b3c24a7b5af3ff2565c16753d20d3bdbc5fc60f"
sha512 = "244079b3f592d58478a97adbd0bee8d49ae9dd1a3e435651ee40997b50da9fe62cfaba7e3ec7f7406d7d0288d278a43a3a0bc5150226ba40ce0f8ac6d33f7ddb"

[filesystem]
sha256 = "498c465cfd04587db40f970fff2185daa597d074c20b68a8bcbae558f261499b"
sha512 = "ead452f9b7bfb88593a502ec00d76d4228003d51c40fd0408aebc32d35c94673551b00230d730873361567cc209ec218c41fb4e95bad194268592c49e7964347"

[filesystem-2023-10-18]
sha256 = "bccc046b0c9d325164f4fe7197c38cb16f5829e3577fc57a8f0f7482a619fe5c"
sha512 = "c8d100252b28a9b2b122f5cb55871da35a7b7342539febf595f4a3327541e5e54b013146427865ab8c9651a12e04554e10c26934b143b716331741b28d3c7f20"

[filesystem-2023-11-10]
sha256 = "05952bbc98895aa3aeda6c765a3e521016de59f993f3b60394c724640935c09c"
sha512 = "2c242489801a75466986fe014d730fb3aa7b5c6e56a230c8735e6672711b58bcbe92ba78a341b78fc3ac69339e55d3859d8bb14410230f0371ee30dbd83add64"

[http]
sha256 = "8f44402bde16c48e28c47dc53eab0b26af5b3b3482a1852cf77673e0880ba1c1"
sha512 = "760695f9a25c25bf75a25b731cb21c3bda9e288e450edda823324ecbc73d5d798bbb5de2edad999566980836f037463ee9e57d61789d04b3f3e381475b1a9a0f"

[http-2023-10-18]
sha256 = "c71b8853ee4d3e9352b4cb6f2bc9e54273e6d74fb4f4338f6e072c5b8cedd688"
sha512 = "52a138b478611577c915eb8d93ae8414fe14b97c8aee4b714e54a3f9a37359dac20c5c8670e672568681789ca08764aaa55b20d3be7fb2041f9d8feace673562"

[http-2023-11-10]
sha256 = "1878b4a655742b6fd9b15c149a52beacbc3c79fc720e6dac58e197af480b8de6"
sha512 = "4b4258f8730166742ec220ff2f10e606c3cad4699ae765e59bcab017d121b577a877d8d2bb60c3ad8f9c13e3eac0155717b73e1282d917b92c5c0c2d903ef165"

[io]
sha256 = "7210e5653539a15478f894d4da24cc69d61924cbcba21d2804d69314a88e5a4c"
sha512 = "49184a1b0945a889abd52d25271172ed3dc2db6968fcdddb1bab7ee0081f4a3eeee0977ad2291126a37631c0d86eeea75d822fa8af224c422134500bf9f0f2bb"

[io-2023-10-18]
sha256 = "b60dfba347209112110907096f76859a2c783c41f2657bc6ee7de876365a3e33"
sha512 = "8fae92c8a5c0e4cb894bacc85fd81e5de6b0880b02b1a6ab4aec0504e5fa40e538f536cef57e15ebe30e54aa911b9fdc88012fa104fd54e051f42a0ca3737ce4"

[io-2023-11-10]
sha256 = "f2e6127b235c37c06be675a904d6acf08db953ea688d78c42892c6ad3bd194e4"
sha512 = "32feefbc115c34bf6968cb6e9dc15e755698ee90648e5a5d84448917c36a318bd61b401195eb64330e2475e1d098bfb8dee1440d594a68e0797748762bd84ae5"

[random]
sha256 = "7371d03c037d924caba2587fb2e7c5773a0d3c5fcecbf7971e0e0ba57973c53d"
sha512 = "964c4e8925a53078e4d94ba907b54f89a0b7e154f46823a505391471466c17f53c8692682e5c85771712acd88b348686173fc07c53a3cfe3d301b8cd8ddd0de4"

[random-2023-10-18]
sha256 = "01f3c796f7c0b6f22608487870c8e8d719bb0e4c0acce041e990087ff9700a46"
sha512 = "3db414faab8cafa99ef1e6b6352a10b7e7cf95cc6483a18a2890a22a755f36e2d2505e64863ab75d61d70d7a48fd8613c3e5e283ac9cfac4089a7fc668d7fe7c"

[random-2023-11-10]
sha256 = "11afcbff9920f5f1f72b6764d01e59a5faa2c671f0c59f0c9b405778f3708745"
sha512 = "cc4fa3d178559a89d9d6a376e3359b892158d1e73317c5db1f797ebc6b0b57abf2422797648d5b2b494c50cf9360720bc451cc27e15def7d278ba875805ccbf5"

[sockets]
sha256 = "622bd28bbeb43736375dc02bd003fd3a016ff8ee91e14bab488325c6b38bf966"
sha512 = "5a63c1f36de0c4548e1d2297bdbededb28721cbad94ef7825c469eae29d7451c97e00b4c1d6730ee1ec0c4a5aac922961a2795762d4a0c3bb54e30a391a84bae"

[sockets-2023-10-18]
sha256 = "73b289319063008ada4e836a1f98e405d290b6981d563ece3e725f278525d508"
sha512 = "f37e00b1084806ad17d2125e3c6d6ddd8d4124f8c8acc0fa001c6e05370356591204c53beda02993041b8dca8c46d0ba4c60a25a1982d144deb9c527200c4967"

[sockets-2023-11-10]
sha256 = "b5c2e9cc87cefbaef06bbe9978f9bc336da9feee2d51747bc28e10164fc46c39"
sha512 = "3aea6fe0c768b27d5c5cb3adab5e60dc936198f8b677c2cf6c4d57a0460db87eb779e0b577f1240fb2a6bf3ade49919fbffe39b0137bce3242343e6091cc7510"

[spin]
url = "https://github.com/fermyon/spin/archive/main.tar.gz"
sha256 = "a82650789999f4577f9b14f315955fbca925d4354e5e095b053cfcee609c4570"
sha512 = "0ceaa936d76e13282cdbd4c1c3c0e05ca1cd2472908c4eb2723a8e4a1ec45a2a7cc53f17dc4598180fb8509fe813f5b1b4d91b5d23725793198c2e7626fce23a"
deps = ["cli", "cli-2023-10-18", "cli-2023-11-10", "clocks", "clocks-2023-10-18", "clocks-2023-11-10", "filesystem", "filesystem-2023-10-18", "filesystem-2023-11-10", "http", "http-2023-10-18", "http-2023-11-10", "io", "io-2023-10-18", "io-2023-11-10", "random", "random-2023-10-18", "random-2023-11-10", "sockets", "sockets-2023-10-18", "sockets-2023-11-10", "spin@unversioned"]

["spin@unversioned"]
sha256 = "2885c620a0099d081c1c55211c039f6adbd89b6ad5b9fa32130316c22870f7d2"
sha512 = "b9fcf4fa54bad7f342ae1160052455ba8d32fa4662f41d4270fca1e73567aa521eb9cdb62239751227e5aecb88867fc0a86e4810ab37824d302f4ae32de831d6"
